
Microsoft Visual Studio Solution File, Format Version 12.00
# Visual Studio Version 17
VisualStudioVersion = 17.14.36408.4
MinimumVisualStudioVersion = 10.0.40219.1
Project("{FAE04EC0-301F-11D3-BF4B-00C04F79EFBC}") = "FMassage", "FMassage.csproj", "{CAE3A04A-A8F1-4475-ABE3-953B5AA75BCA}"
EndProject
Global
	GlobalSection(SolutionConfigurationPlatforms) = preSolution
		Debug|Any CPU = Debug|Any CPU
		Release|Any CPU = Release|Any CPU
	EndGlobalSection
	GlobalSection(ProjectConfigurationPlatforms) = postSolution
		{CAE3A04A-A8F1-4475-ABE3-953B5AA75BCA}.Debug|Any CPU.ActiveCfg = Debug|Any CPU
		{CAE3A04A-A8F1-4475-ABE3-953B5AA75BCA}.Debug|Any CPU.Build.0 = Debug|Any CPU
		{CAE3A04A-A8F1-4475-ABE3-953B5AA75BCA}.Release|Any CPU.ActiveCfg = Release|Any CPU
		{CAE3A04A-A8F1-4475-ABE3-953B5AA75BCA}.Release|Any CPU.Build.0 = Release|Any CPU
	EndGlobalSection
	GlobalSection(SolutionProperties) = preSolution
		HideSolutionNode = FALSE
	EndGlobalSection
	GlobalSection(ExtensibilityGlobals) = postSolution
		SolutionGuid = {77F53CA1-6575-4B31-922B-5060DA5F1C1D}
	EndGlobalSection
EndGlobal
